
Microsoft Visual Studio Solution File, Format Version 12.00
# Visual Studio Version 17
VisualStudioVersion = 17.14.36414.22 d17.14
MinimumVisualStudioVersion = 10.0.40219.1
Project("{FAE04EC0-301F-11D3-BF4B-00C04F79EFBC}") = "CPC_API", "CPC_API\CPC_API.csproj", "{208BC541-8DA4-4B71-B2A2-84C5995C40D8}"
EndProject
Global
	GlobalSection(SolutionConfigurationPlatforms) = preSolution
		Debug|Any CPU = Debug|Any CPU
		Release|Any CPU = Release|Any CPU
	EndGlobalSection
	GlobalSection(ProjectConfigurationPlatforms) = postSolution
		{208BC541-8DA4-4B71-B2A2-84C5995C40D8}.Debug|Any CPU.ActiveCfg = Debug|Any CPU
		{208BC541-8DA4-4B71-B2A2-84C5995C40D8}.Debug|Any CPU.Build.0 = Debug|Any CPU
		{208BC541-8DA4-4B71-B2A2-84C5995C40D8}.Release|Any CPU.ActiveCfg = Release|Any CPU
		{208BC541-8DA4-4B71-B2A2-84C5995C40D8}.Release|Any CPU.Build.0 = Release|Any CPU
	EndGlobalSection
	GlobalSection(SolutionProperties) = preSolution
		HideSolutionNode = FALSE
	EndGlobalSection
	GlobalSection(ExtensibilityGlobals) = postSolution
		SolutionGuid = {123FC8BE-5B19-455F-B13C-44FED04FD95F}
	EndGlobalSection
EndGlobal
