
Microsoft Visual Studio Solution File, Format Version 12.00
# Visual Studio Version 17
VisualStudioVersion = 17.14.36327.8 d17.14
MinimumVisualStudioVersion = 10.0.40219.1
Project("{FAE04EC0-301F-11D3-BF4B-00C04F79EFBC}") = "CodeFirstApproach", "CodeFirstApproach\CodeFirstApproach.csproj", "{F59F888E-EFBE-41DA-BB2E-A2DA2DFE2740}"
EndProject
Global
	GlobalSection(SolutionConfigurationPlatforms) = preSolution
		Debug|Any CPU = Debug|Any CPU
		Release|Any CPU = Release|Any CPU
	EndGlobalSection
	GlobalSection(ProjectConfigurationPlatforms) = postSolution
		{F59F888E-EFBE-41DA-BB2E-A2DA2DFE2740}.Debug|Any CPU.ActiveCfg = Debug|Any CPU
		{F59F888E-EFBE-41DA-BB2E-A2DA2DFE2740}.Debug|Any CPU.Build.0 = Debug|Any CPU
		{F59F888E-EFBE-41DA-BB2E-A2DA2DFE2740}.Release|Any CPU.ActiveCfg = Release|Any CPU
		{F59F888E-EFBE-41DA-BB2E-A2DA2DFE2740}.Release|Any CPU.Build.0 = Release|Any CPU
	EndGlobalSection
	GlobalSection(SolutionProperties) = preSolution
		HideSolutionNode = FALSE
	EndGlobalSection
	GlobalSection(ExtensibilityGlobals) = postSolution
		SolutionGuid = {65204A01-CF1E-4461-95F3-F22FF72CBBC8}
	EndGlobalSection
EndGlobal
