
Microsoft Visual Studio Solution File, Format Version 12.00
# Visual Studio Version 17
VisualStudioVersion = 17.14.36518.9 d17.14
MinimumVisualStudioVersion = 10.0.40219.1
Project("{FAE04EC0-301F-11D3-BF4B-00C04F79EFBC}") = "MVC_Sample", "MVC_Sample\MVC_Sample.csproj", "{C44701AB-0B2A-4733-B1F4-4B3329CF5DC0}"
EndProject
Global
	GlobalSection(SolutionConfigurationPlatforms) = preSolution
		Debug|Any CPU = Debug|Any CPU
		Release|Any CPU = Release|Any CPU
	EndGlobalSection
	GlobalSection(ProjectConfigurationPlatforms) = postSolution
		{C44701AB-0B2A-4733-B1F4-4B3329CF5DC0}.Debug|Any CPU.ActiveCfg = Debug|Any CPU
		{C44701AB-0B2A-4733-B1F4-4B3329CF5DC0}.Debug|Any CPU.Build.0 = Debug|Any CPU
		{C44701AB-0B2A-4733-B1F4-4B3329CF5DC0}.Release|Any CPU.ActiveCfg = Release|Any CPU
		{C44701AB-0B2A-4733-B1F4-4B3329CF5DC0}.Release|Any CPU.Build.0 = Release|Any CPU
	EndGlobalSection
	GlobalSection(SolutionProperties) = preSolution
		HideSolutionNode = FALSE
	EndGlobalSection
	GlobalSection(ExtensibilityGlobals) = postSolution
		SolutionGuid = {6C664D8F-2966-4C28-B644-375D4C9DE03A}
	EndGlobalSection
EndGlobal
