
Microsoft Visual Studio Solution File, Format Version 12.00
# Visual Studio Version 17
VisualStudioVersion = 17.14.36414.22 d17.14
MinimumVisualStudioVersion = 10.0.40219.1
Project("{FAE04EC0-301F-11D3-BF4B-00C04F79EFBC}") = "Product_Layered_Architecture", "Product_Layered_Architecture\Product_Layered_Architecture.csproj", "{D8D40C0C-66BE-4917-956F-181FF3FE8B3B}"
EndProject
Global
	GlobalSection(SolutionConfigurationPlatforms) = preSolution
		Debug|Any CPU = Debug|Any CPU
		Release|Any CPU = Release|Any CPU
	EndGlobalSection
	GlobalSection(ProjectConfigurationPlatforms) = postSolution
		{D8D40C0C-66BE-4917-956F-181FF3FE8B3B}.Debug|Any CPU.ActiveCfg = Debug|Any CPU
		{D8D40C0C-66BE-4917-956F-181FF3FE8B3B}.Debug|Any CPU.Build.0 = Debug|Any CPU
		{D8D40C0C-66BE-4917-956F-181FF3FE8B3B}.Release|Any CPU.ActiveCfg = Release|Any CPU
		{D8D40C0C-66BE-4917-956F-181FF3FE8B3B}.Release|Any CPU.Build.0 = Release|Any CPU
	EndGlobalSection
	GlobalSection(SolutionProperties) = preSolution
		HideSolutionNode = FALSE
	EndGlobalSection
	GlobalSection(ExtensibilityGlobals) = postSolution
		SolutionGuid = {2FF2E56A-8031-421B-9838-553C58BC24BF}
	EndGlobalSection
EndGlobal
